
Microsoft Visual Studio Solution File, Format Version 12.00
# Visual Studio Version 17
VisualStudioVersion = 17.14.36623.8
MinimumVisualStudioVersion = 10.0.40219.1
Project("{2150E333-8FDC-42A3-9474-1A3956D46DE8}") = "Services", "Services", "{02EA681E-C7D8-13C7-8484-4AC65E1B71E8}"
EndProject
Project("{2150E333-8FDC-42A3-9474-1A3956D46DE8}") = "Catalog", "Catalog", "{23123DD1-3509-4CD6-8806-FDA1221E7CD7}"
EndProject
Project("{FAE04EC0-301F-11D3-BF4B-00C04F79EFBC}") = "Catalog.API", "Services\Catalog\Catalog.API\Catalog.API.csproj", "{A1CFEDEB-B5B8-4CDA-9B0F-3D3955C06082}"
EndProject
Project("{2150E333-8FDC-42A3-9474-1A3956D46DE8}") = "BuildingBlocks", "BuildingBlocks", "{CCA21F1E-9E50-452A-92B3-4EDC3BB05DDA}"
EndProject
Project("{FAE04EC0-301F-11D3-BF4B-00C04F79EFBC}") = "BuildingBlocks", "BuildingBlocks\BuildingBlocks\BuildingBlocks.csproj", "{6C7E3EC1-501B-4AC6-9D9A-550A73F767D9}"
EndProject
Project("{E53339B2-1760-4266-BCC7-CA923CBCF16C}") = "docker-compose", "docker-compose.dcproj", "{81DDED9D-158B-E303-5F62-77A2896D2A5A}"
EndProject
Project("{2150E333-8FDC-42A3-9474-1A3956D46DE8}") = "Basket", "Basket", "{7341D0F2-7043-4BF6-815C-DC30C0A6A1A5}"
EndProject
Project("{FAE04EC0-301F-11D3-BF4B-00C04F79EFBC}") = "Basket.API", "Services\Basket\Basket.API\Basket.API.csproj", "{A842BE3E-E61E-4836-B9F4-1D918F1E18A5}"
EndProject
Project("{2150E333-8FDC-42A3-9474-1A3956D46DE8}") = "Discount", "Discount", "{23FBE293-7E22-4587-9571-6DC1164E87EE}"
EndProject
Project("{FAE04EC0-301F-11D3-BF4B-00C04F79EFBC}") = "Discount.grpc", "Services\Discount\Discount.grpc\Discount.grpc.csproj", "{B0778ADD-C77D-4E34-8836-F34FA3176C0C}"
EndProject
Project("{2150E333-8FDC-42A3-9474-1A3956D46DE8}") = "Ordering", "Ordering", "{004F0C0A-2FE1-442F-945C-194D64F6796F}"
EndProject
Project("{FAE04EC0-301F-11D3-BF4B-00C04F79EFBC}") = "Ordering.API", "Services\Ordering\Ordering.API\Ordering.API.csproj", "{3312E301-AED6-46BB-BE94-EFD6C3AD1C03}"
EndProject
Project("{FAE04EC0-301F-11D3-BF4B-00C04F79EFBC}") = "Ordering.Domain", "Services\Ordering\Ordering.Domain\Ordering.Domain.csproj", "{9A070D28-D616-40F0-8E2C-492777E5D8E7}"
EndProject
Project("{FAE04EC0-301F-11D3-BF4B-00C04F79EFBC}") = "Ordering.Application", "Services\Ordering\Ordering.Application\Ordering.Application.csproj", "{043850CC-93B6-49A4-90AD-D2DF3326AC58}"
EndProject
Project("{FAE04EC0-301F-11D3-BF4B-00C04F79EFBC}") = "Ordering.Infrastructure", "Services\Ordering\Ordering.Infrastructure\Ordering.Infrastructure.csproj", "{4494B453-5214-4F2B-A98F-1C59943F91F9}"
EndProject
Global
	GlobalSection(SolutionConfigurationPlatforms) = preSolution
		Debug|Any CPU = Debug|Any CPU
		Release|Any CPU = Release|Any CPU
	EndGlobalSection
	GlobalSection(ProjectConfigurationPlatforms) = postSolution
		{A1CFEDEB-B5B8-4CDA-9B0F-3D3955C06082}.Debug|Any CPU.ActiveCfg = Debug|Any CPU
		{A1CFEDEB-B5B8-4CDA-9B0F-3D3955C06082}.Debug|Any CPU.Build.0 = Debug|Any CPU
		{A1CFEDEB-B5B8-4CDA-9B0F-3D3955C06082}.Release|Any CPU.ActiveCfg = Release|Any CPU
		{A1CFEDEB-B5B8-4CDA-9B0F-3D3955C06082}.Release|Any CPU.Build.0 = Release|Any CPU
		{6C7E3EC1-501B-4AC6-9D9A-550A73F767D9}.Debug|Any CPU.ActiveCfg = Debug|Any CPU
		{6C7E3EC1-501B-4AC6-9D9A-550A73F767D9}.Debug|Any CPU.Build.0 = Debug|Any CPU
		{6C7E3EC1-501B-4AC6-9D9A-550A73F767D9}.Release|Any CPU.ActiveCfg = Release|Any CPU
		{6C7E3EC1-501B-4AC6-9D9A-550A73F767D9}.Release|Any CPU.Build.0 = Release|Any CPU
		{81DDED9D-158B-E303-5F62-77A2896D2A5A}.Debug|Any CPU.ActiveCfg = Debug|Any CPU
		{81DDED9D-158B-E303-5F62-77A2896D2A5A}.Debug|Any CPU.Build.0 = Debug|Any CPU
		{81DDED9D-158B-E303-5F62-77A2896D2A5A}.Release|Any CPU.ActiveCfg = Release|Any CPU
		{81DDED9D-158B-E303-5F62-77A2896D2A5A}.Release|Any CPU.Build.0 = Release|Any CPU
		{A842BE3E-E61E-4836-B9F4-1D918F1E18A5}.Debug|Any CPU.ActiveCfg = Debug|Any CPU
		{A842BE3E-E61E-4836-B9F4-1D918F1E18A5}.Debug|Any CPU.Build.0 = Debug|Any CPU
		{A842BE3E-E61E-4836-B9F4-1D918F1E18A5}.Release|Any CPU.ActiveCfg = Release|Any CPU
		{A842BE3E-E61E-4836-B9F4-1D918F1E18A5}.Release|Any CPU.Build.0 = Release|Any CPU
		{B0778ADD-C77D-4E34-8836-F34FA3176C0C}.Debug|Any CPU.ActiveCfg = Debug|Any CPU
		{B0778ADD-C77D-4E34-8836-F34FA3176C0C}.Debug|Any CPU.Build.0 = Debug|Any CPU
		{B0778ADD-C77D-4E34-8836-F34FA3176C0C}.Release|Any CPU.ActiveCfg = Release|Any CPU
		{B0778ADD-C77D-4E34-8836-F34FA3176C0C}.Release|Any CPU.Build.0 = Release|Any CPU
		{3312E301-AED6-46BB-BE94-EFD6C3AD1C03}.Debug|Any CPU.ActiveCfg = Debug|Any CPU
		{3312E301-AED6-46BB-BE94-EFD6C3AD1C03}.Debug|Any CPU.Build.0 = Debug|Any CPU
		{3312E301-AED6-46BB-BE94-EFD6C3AD1C03}.Release|Any CPU.ActiveCfg = Release|Any CPU
		{3312E301-AED6-46BB-BE94-EFD6C3AD1C03}.Release|Any CPU.Build.0 = Release|Any CPU
		{9A070D28-D616-40F0-8E2C-492777E5D8E7}.Debug|Any CPU.ActiveCfg = Debug|Any CPU
		{9A070D28-D616-40F0-8E2C-492777E5D8E7}.Debug|Any CPU.Build.0 = Debug|Any CPU
		{9A070D28-D616-40F0-8E2C-492777E5D8E7}.Release|Any CPU.ActiveCfg = Release|Any CPU
		{9A070D28-D616-40F0-8E2C-492777E5D8E7}.Release|Any CPU.Build.0 = Release|Any CPU
		{043850CC-93B6-49A4-90AD-D2DF3326AC58}.Debug|Any CPU.ActiveCfg = Debug|Any CPU
		{043850CC-93B6-49A4-90AD-D2DF3326AC58}.Debug|Any CPU.Build.0 = Debug|Any CPU
		{043850CC-93B6-49A4-90AD-D2DF3326AC58}.Release|Any CPU.ActiveCfg = Release|Any CPU
		{043850CC-93B6-49A4-90AD-D2DF3326AC58}.Release|Any CPU.Build.0 = Release|Any CPU
		{4494B453-5214-4F2B-A98F-1C59943F91F9}.Debug|Any CPU.ActiveCfg = Debug|Any CPU
		{4494B453-5214-4F2B-A98F-1C59943F91F9}.Debug|Any CPU.Build.0 = Debug|Any CPU
		{4494B453-5214-4F2B-A98F-1C59943F91F9}.Release|Any CPU.ActiveCfg = Release|Any CPU
		{4494B453-5214-4F2B-A98F-1C59943F91F9}.Release|Any CPU.Build.0 = Release|Any CPU
	EndGlobalSection
	GlobalSection(SolutionProperties) = preSolution
		HideSolutionNode = FALSE
	EndGlobalSection
	GlobalSection(NestedProjects) = preSolution
		{23123DD1-3509-4CD6-8806-FDA1221E7CD7} = {02EA681E-C7D8-13C7-8484-4AC65E1B71E8}
		{A1CFEDEB-B5B8-4CDA-9B0F-3D3955C06082} = {23123DD1-3509-4CD6-8806-FDA1221E7CD7}
		{6C7E3EC1-501B-4AC6-9D9A-550A73F767D9} = {CCA21F1E-9E50-452A-92B3-4EDC3BB05DDA}
		{7341D0F2-7043-4BF6-815C-DC30C0A6A1A5} = {02EA681E-C7D8-13C7-8484-4AC65E1B71E8}
		{A842BE3E-E61E-4836-B9F4-1D918F1E18A5} = {7341D0F2-7043-4BF6-815C-DC30C0A6A1A5}
		{23FBE293-7E22-4587-9571-6DC1164E87EE} = {02EA681E-C7D8-13C7-8484-4AC65E1B71E8}
		{B0778ADD-C77D-4E34-8836-F34FA3176C0C} = {23FBE293-7E22-4587-9571-6DC1164E87EE}
		{004F0C0A-2FE1-442F-945C-194D64F6796F} = {02EA681E-C7D8-13C7-8484-4AC65E1B71E8}
		{3312E301-AED6-46BB-BE94-EFD6C3AD1C03} = {004F0C0A-2FE1-442F-945C-194D64F6796F}
		{9A070D28-D616-40F0-8E2C-492777E5D8E7} = {004F0C0A-2FE1-442F-945C-194D64F6796F}
		{043850CC-93B6-49A4-90AD-D2DF3326AC58} = {004F0C0A-2FE1-442F-945C-194D64F6796F}
		{4494B453-5214-4F2B-A98F-1C59943F91F9} = {004F0C0A-2FE1-442F-945C-194D64F6796F}
	EndGlobalSection
	GlobalSection(ExtensibilityGlobals) = postSolution
		SolutionGuid = {55D30B38-7B17-4980-8999-B2DEC39CB772}
	EndGlobalSection
EndGlobal
